// !$*UTF8*$!
{
	archiveVersion = 1;
	classes = {
	};
	objectVersion = 56;
	objects = {

/* Begin PBXBuildFile section */
		BDD0EDCF2D5CF62B005106AC /* ScanCutterApp.swift in Sources */ = {isa = PBXBuildFile; fileRef = BDD0EDCE2D5CF62B005106AC /* ScanCutterApp.swift */; };
		BDD0EDD32D5CF62E005106AC /* Assets.xcassets in Resources */ = {isa = PBXBuildFile; fileRef = BDD0EDD22D5CF62E005106AC /* Assets.xcassets */; };
		BDD0EDD62D5CF62E005106AC /* Preview Assets.xcassets in Resources */ = {isa = PBXBuildFile; fileRef = BDD0EDD52D5CF62E005106AC /* Preview Assets.xcassets */; };
		BDD0EDE02D5CF807005106AC /* DocumentEditView.swift in Sources */ = {isa = PBXBuildFile; fileRef = BDD0EDDD2D5CF807005106AC /* DocumentEditView.swift */; };
		BDD0EDE12D5CF807005106AC /* ContentView.swift in Sources */ = {isa = PBXBuildFile; fileRef = BDD0EDDE2D5CF807005106AC /* ContentView.swift */; };
		BDD0EDE22D5CF807005106AC /* ShareSheet.swift in Sources */ = {isa = PBXBuildFile; fileRef = BDD0EDDF2D5CF807005106AC /* ShareSheet.swift */; };
		BDD0EDE52D5CF828005106AC /* ScannerModel.swift in Sources */ = {isa = PBXBuildFile; fileRef = BDD0EDE42D5CF828005106AC /* ScannerModel.swift */; };
		BDD0EDEF2D5CFF06005106AC /* FilteredImage.swift in Sources */ = {isa = PBXBuildFile; fileRef = BDD0EDEE2D5CFF05005106AC /* FilteredImage.swift */; };
/* End PBXBuildFile section */

/* Begin PBXFileReference section */
		BDD0EDCB2D5CF62B005106AC /* ScanCutter.app */ = {isa = PBXFileReference; explicitFileType = wrapper.application; includeInIndex = 0; path = ScanCutter.app; sourceTree = BUILT_PRODUCTS_DIR; };
		BDD0EDCE2D5CF62B005106AC /* ScanCutterApp.swift */ = {isa = PBXFileReference; lastKnownFileType = sourcecode.swift; path = ScanCutterApp.swift; sourceTree = "<group>"; };
		BDD0EDD22D5CF62E005106AC /* Assets.xcassets */ = {isa = PBXFileReference; lastKnownFileType = folder.assetcatalog; path = Assets.xcassets; sourceTree = "<group>"; };
		BDD0EDD52D5CF62E005106AC /* Preview Assets.xcassets */ = {isa = PBXFileReference; lastKnownFileType = folder.assetcatalog; path = "Preview Assets.xcassets"; sourceTree = "<group>"; };
		BDD0EDDD2D5CF807005106AC /* DocumentEditView.swift */ = {isa = PBXFileReference; fileEncoding = 4; lastKnownFileType = sourcecode.swift; path = DocumentEditView.swift; sourceTree = "<group>"; };
		BDD0EDDE2D5CF807005106AC /* ContentView.swift */ = {isa = PBXFileReference; fileEncoding = 4; lastKnownFileType = sourcecode.swift; path = ContentView.swift; sourceTree = "<group>"; };
		BDD0EDDF2D5CF807005106AC /* ShareSheet.swift */ = {isa = PBXFileReference; fileEncoding = 4; lastKnownFileType = sourcecode.swift; path = ShareSheet.swift; sourceTree = "<group>"; };
		BDD0EDE42D5CF828005106AC /* ScannerModel.swift */ = {isa = PBXFileReference; fileEncoding = 4; lastKnownFileType = sourcecode.swift; path = ScannerModel.swift; sourceTree = "<group>"; };
		BDD0EDE82D5CF9D4005106AC /* Info.plist */ = {isa = PBXFileReference; lastKnownFileType = text.plist.xml; path = Info.plist; sourceTree = "<group>"; };
		BDD0EDEE2D5CFF05005106AC /* FilteredImage.swift */ = {isa = PBXFileReference; fileEncoding = 4; lastKnownFileType = sourcecode.swift; path = FilteredImage.swift; sourceTree = "<group>"; };
/* End PBXFileReference section */

/* Begin PBXFrameworksBuildPhase section */
		BDD0EDC82D5CF62B005106AC /* Frameworks */ = {
			isa = PBXFrameworksBuildPhase;
			buildActionMask = 2147483647;
			files = (
			);
			runOnlyForDeploymentPostprocessing = 0;
		};
/* End PBXFrameworksBuildPhase section */

/* Begin PBXGroup section */
		BDD0EDC22D5CF62B005106AC = {
			isa = PBXGroup;
			children = (
				BDD0EDCD2D5CF62B005106AC /* ScanCutter */,
				BDD0EDCC2D5CF62B005106AC /* Products */,
			);
			sourceTree = "<group>";
		};
		BDD0EDCC2D5CF62B005106AC /* Products */ = {
			isa = PBXGroup;
			children = (
				BDD0EDCB2D5CF62B005106AC /* ScanCutter.app */,
			);
			name = Products;
			sourceTree = "<group>";
		};
		BDD0EDCD2D5CF62B005106AC /* ScanCutter */ = {
			isa = PBXGroup;
			children = (
				BDD0EDE82D5CF9D4005106AC /* Info.plist */,
				BDD0EDE32D5CF828005106AC /* Models */,
				BDD0EDCE2D5CF62B005106AC /* ScanCutterApp.swift */,
				BDD0EDDC2D5CF807005106AC /* Views */,
				BDD0EDD22D5CF62E005106AC /* Assets.xcassets */,
				BDD0EDD42D5CF62E005106AC /* Preview Content */,
			);
			path = ScanCutter;
			sourceTree = "<group>";
		};
		BDD0EDD42D5CF62E005106AC /* Preview Content */ = {
			isa = PBXGroup;
			children = (
				BDD0EDD52D5CF62E005106AC /* Preview Assets.xcassets */,
			);
			path = "Preview Content";
			sourceTree = "<group>";
		};
		BDD0EDDC2D5CF807005106AC /* Views */ = {
			isa = PBXGroup;
			children = (
				BDD0EDDD2D5CF807005106AC /* DocumentEditView.swift */,
				BDD0EDDE2D5CF807005106AC /* ContentView.swift */,
				BDD0EDEE2D5CFF05005106AC /* FilteredImage.swift */,
				BDD0EDDF2D5CF807005106AC /* ShareSheet.swift */,
			);
			path = Views;
			sourceTree = "<group>";
		};
		BDD0EDE32D5CF828005106AC /* Models */ = {
			isa = PBXGroup;
			children = (
				BDD0EDE42D5CF828005106AC /* ScannerModel.swift */,
			);
			name = Models;
			path = ScanCutter/Models;
			sourceTree = SOURCE_ROOT;
		};
/* End PBXGroup section */

/* Begin PBXNativeTarget section */
		BDD0EDCA2D5CF62B005106AC /* ScanCutter */ = {
			isa = PBXNativeTarget;
			buildConfigurationList = BDD0EDD92D5CF62E005106AC /* Build configuration list for PBXNativeTarget "ScanCutter" */;
			buildPhases = (
				BDD0EDC72D5CF62B005106AC /* Sources */,
				BDD0EDC82D5CF62B005106AC /* Frameworks */,
				BDD0EDC92D5CF62B005106AC /* Resources */,
			);
			buildRules = (
			);
			dependencies = (
			);
			name = ScanCutter;
			productName = ScanCutter;
			productReference = BDD0EDCB2D5CF62B005106AC /* ScanCutter.app */;
			productType = "com.apple.product-type.application";
		};
/* End PBXNativeTarget section */

/* Begin PBXProject section */
		BDD0EDC32D5CF62B005106AC /* Project object */ = {
			isa = PBXProject;
			attributes = {
				BuildIndependentTargetsInParallel = 1;
				LastSwiftUpdateCheck = 1520;
				LastUpgradeCheck = 1520;
				TargetAttributes = {
					BDD0EDCA2D5CF62B005106AC = {
						CreatedOnToolsVersion = 15.2;
					};
				};
			};
			buildConfigurationList = BDD0EDC62D5CF62B005106AC /* Build configuration list for PBXProject "ScanCutter" */;
			compatibilityVersion = "Xcode 14.0";
			developmentRegion = en;
			hasScannedForEncodings = 0;
			knownRegions = (
				en,
				Base,
			);
			mainGroup = BDD0EDC22D5CF62B005106AC;
			productRefGroup = BDD0EDCC2D5CF62B005106AC /* Products */;
			projectDirPath = "";
			projectRoot = "";
			targets = (
				BDD0EDCA2D5CF62B005106AC /* ScanCutter */,
			);
		};
/* End PBXProject section */

/* Begin PBXResourcesBuildPhase section */
		BDD0EDC92D5CF62B005106AC /* Resources */ = {
			isa = PBXResourcesBuildPhase;
			buildActionMask = 2147483647;
			files = (
				BDD0EDD62D5CF62E005106AC /* Preview Assets.xcassets in Resources */,
				BDD0EDD32D5CF62E005106AC /* Assets.xcassets in Resources */,
			);
			runOnlyForDeploymentPostprocessing = 0;
		};
/* End PBXResourcesBuildPhase section */

/* Begin PBXSourcesBuildPhase section */
		BDD0EDC72D5CF62B005106AC /* Sources */ = {
			isa = PBXSourcesBuildPhase;
			buildActionMask = 2147483647;
			files = (
				BDD0EDEF2D5CFF06005106AC /* FilteredImage.swift in Sources */,
				BDD0EDE22D5CF807005106AC /* ShareSheet.swift in Sources */,
				BDD0EDE52D5CF828005106AC /* ScannerModel.swift in Sources */,
				BDD0EDCF2D5CF62B005106AC /* ScanCutterApp.swift in Sources */,
				BDD0EDE12D5CF807005106AC /* ContentView.swift in Sources */,
				BDD0EDE02D5CF807005106AC /* DocumentEditView.swift in Sources */,
			);
			runOnlyForDeploymentPostprocessing = 0;
		};
/* End PBXSourcesBuildPhase section */

/* Begin XCBuildConfiguration section */
		BDD0EDD72D5CF62E005106AC /* Debug */ = {
			isa = XCBuildConfiguration;
			buildSettings = {
				ALWAYS_SEARCH_USER_PATHS = NO;
				ASSETCATALOG_COMPILER_APPICON_NAME = "";
				ASSETCATALOG_COMPILER_GENERATE_SWIFT_ASSET_SYMBOL_EXTENSIONS = YES;
				CLANG_ANALYZER_NONNULL = YES;
				CLANG_ANALYZER_NUMBER_OBJECT_CONVERSION = YES_AGGRESSIVE;
				CLANG_CXX_LANGUAGE_STANDARD = "gnu++20";
				CLANG_ENABLE_MODULES = YES;
				CLANG_ENABLE_OBJC_ARC = YES;
				CLANG_ENABLE_OBJC_WEAK = YES;
				CLANG_WARN_BLOCK_CAPTURE_AUTORELEASING = YES;
				CLANG_WARN_BOOL_CONVERSION = YES;
				CLANG_WARN_COMMA = YES;
				CLANG_WARN_CONSTANT_CONVERSION = YES;
				CLANG_WARN_DEPRECATED_OBJC_IMPLEMENTATIONS = YES;
				CLANG_WARN_DIRECT_OBJC_ISA_USAGE = YES_ERROR;
				CLANG_WARN_DOCUMENTATION_COMMENTS = YES;
				CLANG_WARN_EMPTY_BODY = YES;
				CLANG_WARN_ENUM_CONVERSION = YES;
				CLANG_WARN_INFINITE_RECURSION = YES;
				CLANG_WARN_INT_CONVERSION = YES;
				CLANG_WARN_NON_LITERAL_NULL_CONVERSION = YES;
				CLANG_WARN_OBJC_IMPLICIT_RETAIN_SELF = YES;
				CLANG_WARN_OBJC_LITERAL_CONVERSION = YES;
				CLANG_WARN_OBJC_ROOT_CLASS = YES_ERROR;
				CLANG_WARN_QUOTED_INCLUDE_IN_FRAMEWORK_HEADER = YES;
				CLANG_WARN_RANGE_LOOP_ANALYSIS = YES;
				CLANG_WARN_STRICT_PROTOTYPES = YES;
				CLANG_WARN_SUSPICIOUS_MOVE = YES;
				CLANG_WARN_UNGUARDED_AVAILABILITY = YES_AGGRESSIVE;
				CLANG_WARN_UNREACHABLE_CODE = YES;
				CLANG_WARN__DUPLICATE_METHOD_MATCH = YES;
				COPY_PHASE_STRIP = NO;
				DEBUG_INFORMATION_FORMAT = dwarf;
				ENABLE_STRICT_OBJC_MSGSEND = YES;
				ENABLE_TESTABILITY = YES;
				ENABLE_USER_SCRIPT_SANDBOXING = YES;
				GCC_C_LANGUAGE_STANDARD = gnu17;
				GCC_DYNAMIC_NO_PIC = NO;
				GCC_NO_COMMON_BLOCKS = YES;
				GCC_OPTIMIZATION_LEVEL = 0;
				GCC_PREPROCESSOR_DEFINITIONS = (
					"DEBUG=1",
					"$(inherited)",
				);
				GCC_WARN_64_TO_32_BIT_CONVERSION = YES;
				GCC_WARN_ABOUT_RETURN_TYPE = YES_ERROR;
				GCC_WARN_UNDECLARED_SELECTOR = YES;
				GCC_WARN_UNINITIALIZED_AUTOS = YES_AGGRESSIVE;
				GCC_WARN_UNUSED_FUNCTION = YES;
				GCC_WARN_UNUSED_VARIABLE = YES;
				IPHONEOS_DEPLOYMENT_TARGET = 17.2;
				LOCALIZATION_PREFERS_STRING_CATALOGS = YES;
				MTL_ENABLE_DEBUG_INFO = INCLUDE_SOURCE;
				MTL_FAST_MATH = YES;
				ONLY_ACTIVE_ARCH = YES;
				SDKROOT = iphoneos;
				SWIFT_ACTIVE_COMPILATION_CONDITIONS = "DEBUG $(inherited)";
				SWIFT_OPTIMIZATION_LEVEL = "-Onone";
			};
			name = Debug;
		};
		BDD0EDD82D5CF62E005106AC /* Release */ = {
			isa = XCBuildConfiguration;
			buildSettings = {
				ALWAYS_SEARCH_USER_PATHS = NO;
				ASSETCATALOG_COMPILER_APPICON_NAME = "";
				ASSETCATALOG_COMPILER_GENERATE_SWIFT_ASSET_SYMBOL_EXTENSIONS = YES;
				CLANG_ANALYZER_NONNULL = YES;
				CLANG_ANALYZER_NUMBER_OBJECT_CONVERSION = YES_AGGRESSIVE;
				CLANG_CXX_LANGUAGE_STANDARD = "gnu++20";
				CLANG_ENABLE_MODULES = YES;
				CLANG_ENABLE_OBJC_ARC = YES;
				CLANG_ENABLE_OBJC_WEAK = YES;
				CLANG_WARN_BLOCK_CAPTURE_AUTORELEASING = YES;
				CLANG_WARN_BOOL_CONVERSION = YES;
				CLANG_WARN_COMMA = YES;
				CLANG_WARN_CONSTANT_CONVERSION = YES;
				CLANG_WARN_DEPRECATED_OBJC_IMPLEMENTATIONS = YES;
				CLANG_WARN_DIRECT_OBJC_ISA_USAGE = YES_ERROR;
				CLANG_WARN_DOCUMENTATION_COMMENTS = YES;
				CLANG_WARN_EMPTY_BODY = YES;
				CLANG_WARN_ENUM_CONVERSION = YES;
				CLANG_WARN_INFINITE_RECURSION = YES;
				CLANG_WARN_INT_CONVERSION = YES;
				CLANG_WARN_NON_LITERAL_NULL_CONVERSION = YES;
				CLANG_WARN_OBJC_IMPLICIT_RETAIN_SELF = YES;
				CLANG_WARN_OBJC_LITERAL_CONVERSION = YES;
				CLANG_WARN_OBJC_ROOT_CLASS = YES_ERROR;
				CLANG_WARN_QUOTED_INCLUDE_IN_FRAMEWORK_HEADER = YES;
				CLANG_WARN_RANGE_LOOP_ANALYSIS = YES;
				CLANG_WARN_STRICT_PROTOTYPES = YES;
				CLANG_WARN_SUSPICIOUS_MOVE = YES;
				CLANG_WARN_UNGUARDED_AVAILABILITY = YES_AGGRESSIVE;
				CLANG_WARN_UNREACHABLE_CODE = YES;
				CLANG_WARN__DUPLICATE_METHOD_MATCH = YES;
				COPY_PHASE_STRIP = NO;
				DEBUG_INFORMATION_FORMAT = "dwarf-with-dsym";
				ENABLE_NS_ASSERTIONS = NO;
				ENABLE_STRICT_OBJC_MSGSEND = YES;
				ENABLE_USER_SCRIPT_SANDBOXING = YES;
				GCC_C_LANGUAGE_STANDARD = gnu17;
				GCC_NO_COMMON_BLOCKS = YES;
				GCC_WARN_64_TO_32_BIT_CONVERSION = YES;
				GCC_WARN_ABOUT_RETURN_TYPE = YES_ERROR;
				GCC_WARN_UNDECLARED_SELECTOR = YES;
				GCC_WARN_UNINITIALIZED_AUTOS = YES_AGGRESSIVE;
				GCC_WARN_UNUSED_FUNCTION = YES;
				GCC_WARN_UNUSED_VARIABLE = YES;
				IPHONEOS_DEPLOYMENT_TARGET = 17.2;
				LOCALIZATION_PREFERS_STRING_CATALOGS = YES;
				MTL_ENABLE_DEBUG_INFO = NO;
				MTL_FAST_MATH = YES;
				SDKROOT = iphoneos;
				SWIFT_COMPILATION_MODE = wholemodule;
				VALIDATE_PRODUCT = YES;
			};
			name = Release;
		};
		BDD0EDDA2D5CF62E005106AC /* Debug */ = {
			isa = XCBuildConfiguration;
			buildSettings = {
				ASSETCATALOG_COMPILER_APPICON_NAME = AppIcon;
				ASSETCATALOG_COMPILER_GLOBAL_ACCENT_COLOR_NAME = AccentColor;
				CODE_SIGN_STYLE = Automatic;
				CURRENT_PROJECT_VERSION = 1;
				DEVELOPMENT_ASSET_PATHS = "\"ScanCutter/Preview Content\"";
				DEVELOPMENT_TEAM = X47KHLA34N;
				ENABLE_PREVIEWS = YES;
				GENERATE_INFOPLIST_FILE = NO;
				INFOPLIST_FILE = ScanCutter/Info.plist;
				INFOPLIST_KEY_UIApplicationSceneManifest_Generation = YES;
				INFOPLIST_KEY_UIApplicationSupportsIndirectInputEvents = YES;
				INFOPLIST_KEY_UILaunchScreen_Generation = YES;
				INFOPLIST_KEY_UISupportedInterfaceOrientations_iPad = "UIInterfaceOrientationPortrait UIInterfaceOrientationPortraitUpsideDown UIInterfaceOrientationLandscapeLeft UIInterfaceOrientationLandscapeRight";
				INFOPLIST_KEY_UISupportedInterfaceOrientations_iPhone = "UIInterfaceOrientationPortrait UIInterfaceOrientationLandscapeLeft UIInterfaceOrientationLandscapeRight";
				LD_RUNPATH_SEARCH_PATHS = (
					"$(inherited)",
					"@executable_path/Frameworks",
				);
				MARKETING_VERSION = 1.0;
				PRODUCT_BUNDLE_IDENTIFIER = com.shimitsukoi.ScanCutter;
				PRODUCT_NAME = "$(TARGET_NAME)";
				SWIFT_EMIT_LOC_STRINGS = YES;
				SWIFT_VERSION = 5.0;
				TARGETED_DEVICE_FAMILY = "1,2";
			};
			name = Debug;
		};
		BDD0EDDB2D5CF62E005106AC /* Release */ = {
			isa = XCBuildConfiguration;
			buildSettings = {
				ASSETCATALOG_COMPILER_APPICON_NAME = AppIcon;
				ASSETCATALOG_COMPILER_GLOBAL_ACCENT_COLOR_NAME = AccentColor;
				CODE_SIGN_STYLE = Automatic;
				CURRENT_PROJECT_VERSION = 1;
				DEVELOPMENT_ASSET_PATHS = "\"ScanCutter/Preview Content\"";
				DEVELOPMENT_TEAM = X47KHLA34N;
				ENABLE_PREVIEWS = YES;
				GENERATE_INFOPLIST_FILE = NO;
				INFOPLIST_FILE = ScanCutter/Info.plist;
				INFOPLIST_KEY_UIApplicationSceneManifest_Generation = YES;
				INFOPLIST_KEY_UIApplicationSupportsIndirectInputEvents = YES;
				INFOPLIST_KEY_UILaunchScreen_Generation = YES;
				INFOPLIST_KEY_UISupportedInterfaceOrientations_iPad = "UIInterfaceOrientationPortrait UIInterfaceOrientationPortraitUpsideDown UIInterfaceOrientationLandscapeLeft UIInterfaceOrientationLandscapeRight";
				INFOPLIST_KEY_UISupportedInterfaceOrientations_iPhone = "UIInterfaceOrientationPortrait UIInterfaceOrientationLandscapeLeft UIInterfaceOrientationLandscapeRight";
				LD_RUNPATH_SEARCH_PATHS = (
					"$(inherited)",
					"@executable_path/Frameworks",
				);
				MARKETING_VERSION = 1.0;
				PRODUCT_BUNDLE_IDENTIFIER = com.shimitsukoi.ScanCutter;
				PRODUCT_NAME = "$(TARGET_NAME)";
				SWIFT_EMIT_LOC_STRINGS = YES;
				SWIFT_VERSION = 5.0;
				TARGETED_DEVICE_FAMILY = "1,2";
			};
			name = Release;
		};
/* End XCBuildConfiguration section */

/* Begin XCConfigurationList section */
		BDD0EDC62D5CF62B005106AC /* Build configuration list for PBXProject "ScanCutter" */ = {
			isa = XCConfigurationList;
			buildConfigurations = (
				BDD0EDD72D5CF62E005106AC /* Debug */,
				BDD0EDD82D5CF62E005106AC /* Release */,
			);
			defaultConfigurationIsVisible = 0;
			defaultConfigurationName = Debug;
		};
		BDD0EDD92D5CF62E005106AC /* Build configuration list for PBXNativeTarget "ScanCutter" */ = {
			isa = XCConfigurationList;
			buildConfigurations = (
				BDD0EDDA2D5CF62E005106AC /* Debug */,
				BDD0EDDB2D5CF62E005106AC /* Release */,
			);
			defaultConfigurationIsVisible = 0;
			defaultConfigurationName = Debug;
		};
/* End XCConfigurationList section */
	};
	rootObject = BDD0EDC32D5CF62B005106AC /* Project object */;
}
